// !$*UTF8*$!
{
	archiveVersion = 1;
	classes = {
	};
	objectVersion = 46;
	objects = {

/* Begin PBXBuildFile section */
		3278053E1D08256800CE070F /* AppDelegate.swift in Sources */ = {isa = PBXBuildFile; fileRef = 3278053D1D08256800CE070F /* AppDelegate.swift */; };
		327805451D08256800CE070F /* Assets.xcassets in Resources */ = {isa = PBXBuildFile; fileRef = 327805441D08256800CE070F /* Assets.xcassets */; };
		327805481D08256800CE070F /* LaunchScreen.storyboard in Resources */ = {isa = PBXBuildFile; fileRef = 327805461D08256800CE070F /* LaunchScreen.storyboard */; };
		327805501D08259A00CE070F /* Place.swift in Sources */ = {isa = PBXBuildFile; fileRef = 3278054F1D08259A00CE070F /* Place.swift */; };
		327805571D0837CF00CE070F /* SpotTableViewCell.swift in Sources */ = {isa = PBXBuildFile; fileRef = 327805551D0837CF00CE070F /* SpotTableViewCell.swift */; };
		3278055B1D08384000CE070F /* star_pink.png in Resources */ = {isa = PBXBuildFile; fileRef = 3278055A1D08384000CE070F /* star_pink.png */; };
		3278055D1D08384800CE070F /* star_black.png in Resources */ = {isa = PBXBuildFile; fileRef = 3278055C1D08384800CE070F /* star_black.png */; };
		327805601D0848D500CE070F /* MapTableViewController.swift in Sources */ = {isa = PBXBuildFile; fileRef = 3278055E1D0848D500CE070F /* MapTableViewController.swift */; };
		327805611D0848D500CE070F /* MapTableViewController.xib in Resources */ = {isa = PBXBuildFile; fileRef = 3278055F1D0848D500CE070F /* MapTableViewController.xib */; };
		32DEE9BB1D0F15B9009FF893 /* redPin.png in Resources */ = {isa = PBXBuildFile; fileRef = 32DEE9B91D0F15B9009FF893 /* redPin.png */; };
		32DEE9BE1D0F1620009FF893 /* yellowPin.png in Resources */ = {isa = PBXBuildFile; fileRef = 32DEE9BD1D0F1620009FF893 /* yellowPin.png */; };
		32DEE9C01D0F43BE009FF893 /* UserController.swift in Sources */ = {isa = PBXBuildFile; fileRef = 32DEE9BF1D0F43BE009FF893 /* UserController.swift */; };
		32DEE9C51D0F4533009FF893 /* LoginViewController.swift in Sources */ = {isa = PBXBuildFile; fileRef = 32DEE9C31D0F4533009FF893 /* LoginViewController.swift */; };
		32DEE9C61D0F4533009FF893 /* LoginViewController.xib in Resources */ = {isa = PBXBuildFile; fileRef = 32DEE9C41D0F4533009FF893 /* LoginViewController.xib */; };
		32DEE9C91D0F459D009FF893 /* LandingScreenViewController.swift in Sources */ = {isa = PBXBuildFile; fileRef = 32DEE9C71D0F459D009FF893 /* LandingScreenViewController.swift */; };
		32DEE9CA1D0F459D009FF893 /* LandingScreenViewController.xib in Resources */ = {isa = PBXBuildFile; fileRef = 32DEE9C81D0F459D009FF893 /* LandingScreenViewController.xib */; };
		32DEE9CD1D0F45AF009FF893 /* RegisterViewController.swift in Sources */ = {isa = PBXBuildFile; fileRef = 32DEE9CB1D0F45AF009FF893 /* RegisterViewController.swift */; };
		32DEE9CE1D0F45AF009FF893 /* RegisterViewController.xib in Resources */ = {isa = PBXBuildFile; fileRef = 32DEE9CC1D0F45AF009FF893 /* RegisterViewController.xib */; };
		32DEE9D01D0F4731009FF893 /* EmailValidatedTextField.swift in Sources */ = {isa = PBXBuildFile; fileRef = 32DEE9CF1D0F4731009FF893 /* EmailValidatedTextField.swift */; };
		32DEE9D21D0F5CA4009FF893 /* yellowStar.png in Resources */ = {isa = PBXBuildFile; fileRef = 32DEE9D11D0F5CA4009FF893 /* yellowStar.png */; };
/* End PBXBuildFile section */

/* Begin PBXFileReference section */
		3278053A1D08256800CE070F /* iXplore.app */ = {isa = PBXFileReference; explicitFileType = wrapper.application; includeInIndex = 0; path = iXplore.app; sourceTree = BUILT_PRODUCTS_DIR; };
		3278053D1D08256800CE070F /* AppDelegate.swift */ = {isa = PBXFileReference; lastKnownFileType = sourcecode.swift; path = AppDelegate.swift; sourceTree = "<group>"; };
		327805441D08256800CE070F /* Assets.xcassets */ = {isa = PBXFileReference; lastKnownFileType = folder.assetcatalog; path = Assets.xcassets; sourceTree = "<group>"; };
		327805471D08256800CE070F /* Base */ = {isa = PBXFileReference; lastKnownFileType = file.storyboard; name = Base; path = Base.lproj/LaunchScreen.storyboard; sourceTree = "<group>"; };
		327805491D08256800CE070F /* Info.plist */ = {isa = PBXFileReference; lastKnownFileType = text.plist.xml; path = Info.plist; sourceTree = "<group>"; };
		3278054F1D08259A00CE070F /* Place.swift */ = {isa = PBXFileReference; fileEncoding = 4; lastKnownFileType = sourcecode.swift; path = Place.swift; sourceTree = "<group>"; };
		327805551D0837CF00CE070F /* SpotTableViewCell.swift */ = {isa = PBXFileReference; fileEncoding = 4; lastKnownFileType = sourcecode.swift; path = SpotTableViewCell.swift; sourceTree = "<group>"; };
		3278055A1D08384000CE070F /* star_pink.png */ = {isa = PBXFileReference; lastKnownFileType = image.png; path = star_pink.png; sourceTree = "<group>"; };
		3278055C1D08384800CE070F /* star_black.png */ = {isa = PBXFileReference; lastKnownFileType = image.png; path = star_black.png; sourceTree = "<group>"; };
		3278055E1D0848D500CE070F /* MapTableViewController.swift */ = {isa = PBXFileReference; fileEncoding = 4; lastKnownFileType = sourcecode.swift; path = MapTableViewController.swift; sourceTree = "<group>"; };
		3278055F1D0848D500CE070F /* MapTableViewController.xib */ = {isa = PBXFileReference; fileEncoding = 4; lastKnownFileType = file.xib; path = MapTableViewController.xib; sourceTree = "<group>"; };
		32DEE9B91D0F15B9009FF893 /* redPin.png */ = {isa = PBXFileReference; lastKnownFileType = image.png; path = redPin.png; sourceTree = "<group>"; };
		32DEE9BD1D0F1620009FF893 /* yellowPin.png */ = {isa = PBXFileReference; lastKnownFileType = image.png; path = yellowPin.png; sourceTree = "<group>"; };
		32DEE9BF1D0F43BE009FF893 /* UserController.swift */ = {isa = PBXFileReference; fileEncoding = 4; lastKnownFileType = sourcecode.swift; path = UserController.swift; sourceTree = "<group>"; };
		32DEE9C31D0F4533009FF893 /* LoginViewController.swift */ = {isa = PBXFileReference; fileEncoding = 4; lastKnownFileType = sourcecode.swift; path = LoginViewController.swift; sourceTree = "<group>"; };
		32DEE9C41D0F4533009FF893 /* LoginViewController.xib */ = {isa = PBXFileReference; fileEncoding = 4; lastKnownFileType = file.xib; path = LoginViewController.xib; sourceTree = "<group>"; };
		32DEE9C71D0F459D009FF893 /* LandingScreenViewController.swift */ = {isa = PBXFileReference; fileEncoding = 4; lastKnownFileType = sourcecode.swift; path = LandingScreenViewController.swift; sourceTree = "<group>"; };
		32DEE9C81D0F459D009FF893 /* LandingScreenViewController.xib */ = {isa = PBXFileReference; fileEncoding = 4; lastKnownFileType = file.xib; path = LandingScreenViewController.xib; sourceTree = "<group>"; };
		32DEE9CB1D0F45AF009FF893 /* RegisterViewController.swift */ = {isa = PBXFileReference; fileEncoding = 4; lastKnownFileType = sourcecode.swift; path = RegisterViewController.swift; sourceTree = "<group>"; };
		32DEE9CC1D0F45AF009FF893 /* RegisterViewController.xib */ = {isa = PBXFileReference; fileEncoding = 4; lastKnownFileType = file.xib; path = RegisterViewController.xib; sourceTree = "<group>"; };
		32DEE9CF1D0F4731009FF893 /* EmailValidatedTextField.swift */ = {isa = PBXFileReference; fileEncoding = 4; lastKnownFileType = sourcecode.swift; path = EmailValidatedTextField.swift; sourceTree = "<group>"; };
		32DEE9D11D0F5CA4009FF893 /* yellowStar.png */ = {isa = PBXFileReference; lastKnownFileType = image.png; path = yellowStar.png; sourceTree = "<group>"; };
/* End PBXFileReference section */

/* Begin PBXFrameworksBuildPhase section */
		327805371D08256800CE070F /* Frameworks */ = {
			isa = PBXFrameworksBuildPhase;
			buildActionMask = 2147483647;
			files = (
			);
			runOnlyForDeploymentPostprocessing = 0;
		};
/* End PBXFrameworksBuildPhase section */

/* Begin PBXGroup section */
		327805311D08256800CE070F = {
			isa = PBXGroup;
			children = (
				3278053C1D08256800CE070F /* iXplore */,
				3278053B1D08256800CE070F /* Products */,
			);
			sourceTree = "<group>";
		};
		3278053B1D08256800CE070F /* Products */ = {
			isa = PBXGroup;
			children = (
				3278053A1D08256800CE070F /* iXplore.app */,
			);
			name = Products;
			sourceTree = "<group>";
		};
		3278053C1D08256800CE070F /* iXplore */ = {
			isa = PBXGroup;
			children = (
				3278053D1D08256800CE070F /* AppDelegate.swift */,
				327805621D084D6000CE070F /* Models */,
				32DEE9C21D0F4511009FF893 /* OnboardingScreens */,
				327805631D084D6E00CE070F /* MapView */,
				32DEE9C11D0F44AC009FF893 /* CustomTableViewCell */,
				327805591D0837D700CE070F /* Images */,
				327805441D08256800CE070F /* Assets.xcassets */,
				327805491D08256800CE070F /* Info.plist */,
				327805461D08256800CE070F /* LaunchScreen.storyboard */,
			);
			path = iXplore;
			sourceTree = "<group>";
		};
		327805591D0837D700CE070F /* Images */ = {
			isa = PBXGroup;
			children = (
				3278055A1D08384000CE070F /* star_pink.png */,
				3278055C1D08384800CE070F /* star_black.png */,
				32DEE9B91D0F15B9009FF893 /* redPin.png */,
				32DEE9BD1D0F1620009FF893 /* yellowPin.png */,
				32DEE9D11D0F5CA4009FF893 /* yellowStar.png */,
			);
			name = Images;
			sourceTree = "<group>";
		};
		327805621D084D6000CE070F /* Models */ = {
			isa = PBXGroup;
			children = (
				3278054F1D08259A00CE070F /* Place.swift */,
				32DEE9BF1D0F43BE009FF893 /* UserController.swift */,
				32DEE9CF1D0F4731009FF893 /* EmailValidatedTextField.swift */,
			);
			name = Models;
			sourceTree = "<group>";
		};
		327805631D084D6E00CE070F /* MapView */ = {
			isa = PBXGroup;
			children = (
				3278055E1D0848D500CE070F /* MapTableViewController.swift */,
				3278055F1D0848D500CE070F /* MapTableViewController.xib */,
			);
			name = MapView;
			sourceTree = "<group>";
		};
		32DEE9C11D0F44AC009FF893 /* CustomTableViewCell */ = {
			isa = PBXGroup;
			children = (
				327805551D0837CF00CE070F /* SpotTableViewCell.swift */,
			);
			name = CustomTableViewCell;
			sourceTree = "<group>";
		};
		32DEE9C21D0F4511009FF893 /* OnboardingScreens */ = {
			isa = PBXGroup;
			children = (
				32DEE9C71D0F459D009FF893 /* LandingScreenViewController.swift */,
				32DEE9C81D0F459D009FF893 /* LandingScreenViewController.xib */,
				32DEE9CB1D0F45AF009FF893 /* RegisterViewController.swift */,
				32DEE9CC1D0F45AF009FF893 /* RegisterViewController.xib */,
				32DEE9C31D0F4533009FF893 /* LoginViewController.swift */,
				32DEE9C41D0F4533009FF893 /* LoginViewController.xib */,
			);
			name = OnboardingScreens;
			sourceTree = "<group>";
		};
/* End PBXGroup section */

/* Begin PBXNativeTarget section */
		327805391D08256800CE070F /* iXplore */ = {
			isa = PBXNativeTarget;
			buildConfigurationList = 3278054C1D08256800CE070F /* Build configuration list for PBXNativeTarget "iXplore" */;
			buildPhases = (
				327805361D08256800CE070F /* Sources */,
				327805371D08256800CE070F /* Frameworks */,
				327805381D08256800CE070F /* Resources */,
			);
			buildRules = (
			);
			dependencies = (
			);
			name = iXplore;
			productName = iXplore;
			productReference = 3278053A1D08256800CE070F /* iXplore.app */;
			productType = "com.apple.product-type.application";
		};
/* End PBXNativeTarget section */

/* Begin PBXProject section */
		327805321D08256800CE070F /* Project object */ = {
			isa = PBXProject;
			attributes = {
				LastSwiftUpdateCheck = 0730;
				LastUpgradeCheck = 0730;
				ORGANIZATIONNAME = "Joe Salter";
				TargetAttributes = {
					327805391D08256800CE070F = {
						CreatedOnToolsVersion = 7.3.1;
					};
				};
			};
			buildConfigurationList = 327805351D08256800CE070F /* Build configuration list for PBXProject "iXplore" */;
			compatibilityVersion = "Xcode 3.2";
			developmentRegion = English;
			hasScannedForEncodings = 0;
			knownRegions = (
				en,
				Base,
			);
			mainGroup = 327805311D08256800CE070F;
			productRefGroup = 3278053B1D08256800CE070F /* Products */;
			projectDirPath = "";
			projectRoot = "";
			targets = (
				327805391D08256800CE070F /* iXplore */,
			);
		};
/* End PBXProject section */

/* Begin PBXResourcesBuildPhase section */
		327805381D08256800CE070F /* Resources */ = {
			isa = PBXResourcesBuildPhase;
			buildActionMask = 2147483647;
			files = (
				32DEE9C61D0F4533009FF893 /* LoginViewController.xib in Resources */,
				32DEE9CE1D0F45AF009FF893 /* RegisterViewController.xib in Resources */,
				32DEE9CA1D0F459D009FF893 /* LandingScreenViewController.xib in Resources */,
				327805481D08256800CE070F /* LaunchScreen.storyboard in Resources */,
				327805611D0848D500CE070F /* MapTableViewController.xib in Resources */,
				327805451D08256800CE070F /* Assets.xcassets in Resources */,
				32DEE9BE1D0F1620009FF893 /* yellowPin.png in Resources */,
				32DEE9BB1D0F15B9009FF893 /* redPin.png in Resources */,
				3278055B1D08384000CE070F /* star_pink.png in Resources */,
				32DEE9D21D0F5CA4009FF893 /* yellowStar.png in Resources */,
				3278055D1D08384800CE070F /* star_black.png in Resources */,
			);
			runOnlyForDeploymentPostprocessing = 0;
		};
/* End PBXResourcesBuildPhase section */

/* Begin PBXSourcesBuildPhase section */
		327805361D08256800CE070F /* Sources */ = {
			isa = PBXSourcesBuildPhase;
			buildActionMask = 2147483647;
			files = (
				32DEE9C51D0F4533009FF893 /* LoginViewController.swift in Sources */,
				327805501D08259A00CE070F /* Place.swift in Sources */,
				32DEE9C91D0F459D009FF893 /* LandingScreenViewController.swift in Sources */,
				32DEE9CD1D0F45AF009FF893 /* RegisterViewController.swift in Sources */,
				3278053E1D08256800CE070F /* AppDelegate.swift in Sources */,
				32DEE9C01D0F43BE009FF893 /* UserController.swift in Sources */,
				327805601D0848D500CE070F /* MapTableViewController.swift in Sources */,
				32DEE9D01D0F4731009FF893 /* EmailValidatedTextField.swift in Sources */,
				327805571D0837CF00CE070F /* SpotTableViewCell.swift in Sources */,
			);
			runOnlyForDeploymentPostprocessing = 0;
		};
/* End PBXSourcesBuildPhase section */

/* Begin PBXVariantGroup section */
		327805461D08256800CE070F /* LaunchScreen.storyboard */ = {
			isa = PBXVariantGroup;
			children = (
				327805471D08256800CE070F /* Base */,
			);
			name = LaunchScreen.storyboard;
			sourceTree = "<group>";
		};
/* End PBXVariantGroup section */

/* Begin XCBuildConfiguration section */
		3278054A1D08256800CE070F /* Debug */ = {
			isa = XCBuildConfiguration;
			buildSettings = {
				ALWAYS_SEARCH_USER_PATHS = NO;
				CLANG_ANALYZER_NONNULL = YES;
				CLANG_CXX_LANGUAGE_STANDARD = "gnu++0x";
				CLANG_CXX_LIBRARY = "libc++";
				CLANG_ENABLE_MODULES = YES;
				CLANG_ENABLE_OBJC_ARC = YES;
				CLANG_WARN_BOOL_CONVERSION = YES;
				CLANG_WARN_CONSTANT_CONVERSION = YES;
				CLANG_WARN_DIRECT_OBJC_ISA_USAGE = YES_ERROR;
				CLANG_WARN_EMPTY_BODY = YES;
				CLANG_WARN_ENUM_CONVERSION = YES;
				CLANG_WARN_INT_CONVERSION = YES;
				CLANG_WARN_OBJC_ROOT_CLASS = YES_ERROR;
				CLANG_WARN_UNREACHABLE_CODE = YES;
				CLANG_WARN__DUPLICATE_METHOD_MATCH = YES;
				"CODE_SIGN_IDENTITY[sdk=iphoneos*]" = "iPhone Developer";
				COPY_PHASE_STRIP = NO;
				DEBUG_INFORMATION_FORMAT = dwarf;
				ENABLE_STRICT_OBJC_MSGSEND = YES;
				ENABLE_TESTABILITY = YES;
				GCC_C_LANGUAGE_STANDARD = gnu99;
				GCC_DYNAMIC_NO_PIC = NO;
				GCC_NO_COMMON_BLOCKS = YES;
				GCC_OPTIMIZATION_LEVEL = 0;
				GCC_PREPROCESSOR_DEFINITIONS = (
					"DEBUG=1",
					"$(inherited)",
				);
				GCC_WARN_64_TO_32_BIT_CONVERSION = YES;
				GCC_WARN_ABOUT_RETURN_TYPE = YES_ERROR;
				GCC_WARN_UNDECLARED_SELECTOR = YES;
				GCC_WARN_UNINITIALIZED_AUTOS = YES_AGGRESSIVE;
				GCC_WARN_UNUSED_FUNCTION = YES;
				GCC_WARN_UNUSED_VARIABLE = YES;
				IPHONEOS_DEPLOYMENT_TARGET = 9.3;
				MTL_ENABLE_DEBUG_INFO = YES;
				ONLY_ACTIVE_ARCH = YES;
				SDKROOT = iphoneos;
				SWIFT_OPTIMIZATION_LEVEL = "-Onone";
			};
			name = Debug;
		};
		3278054B1D08256800CE070F /* Release */ = {
			isa = XCBuildConfiguration;
			buildSettings = {
				ALWAYS_SEARCH_USER_PATHS = NO;
				CLANG_ANALYZER_NONNULL = YES;
				CLANG_CXX_LANGUAGE_STANDARD = "gnu++0x";
				CLANG_CXX_LIBRARY = "libc++";
				CLANG_ENABLE_MODULES = YES;
				CLANG_ENABLE_OBJC_ARC = YES;
				CLANG_WARN_BOOL_CONVERSION = YES;
				CLANG_WARN_CONSTANT_CONVERSION = YES;
				CLANG_WARN_DIRECT_OBJC_ISA_USAGE = YES_ERROR;
				CLANG_WARN_EMPTY_BODY = YES;
				CLANG_WARN_ENUM_CONVERSION = YES;
				CLANG_WARN_INT_CONVERSION = YES;
				CLANG_WARN_OBJC_ROOT_CLASS = YES_ERROR;
				CLANG_WARN_UNREACHABLE_CODE = YES;
				CLANG_WARN__DUPLICATE_METHOD_MATCH = YES;
				"CODE_SIGN_IDENTITY[sdk=iphoneos*]" = "iPhone Developer";
				COPY_PHASE_STRIP = NO;
				DEBUG_INFORMATION_FORMAT = "dwarf-with-dsym";
				ENABLE_NS_ASSERTIONS = NO;
				ENABLE_STRICT_OBJC_MSGSEND = YES;
				GCC_C_LANGUAGE_STANDARD = gnu99;
				GCC_NO_COMMON_BLOCKS = YES;
				GCC_WARN_64_TO_32_BIT_CONVERSION = YES;
				GCC_WARN_ABOUT_RETURN_TYPE = YES_ERROR;
				GCC_WARN_UNDECLARED_SELECTOR = YES;
				GCC_WARN_UNINITIALIZED_AUTOS = YES_AGGRESSIVE;
				GCC_WARN_UNUSED_FUNCTION = YES;
				GCC_WARN_UNUSED_VARIABLE = YES;
				IPHONEOS_DEPLOYMENT_TARGET = 9.3;
				MTL_ENABLE_DEBUG_INFO = NO;
				SDKROOT = iphoneos;
				VALIDATE_PRODUCT = YES;
			};
			name = Release;
		};
		3278054D1D08256800CE070F /* Debug */ = {
			isa = XCBuildConfiguration;
			buildSettings = {
				ASSETCATALOG_COMPILER_APPICON_NAME = AppIcon;
				INFOPLIST_FILE = iXplore/Info.plist;
				LD_RUNPATH_SEARCH_PATHS = "$(inherited) @executable_path/Frameworks";
				PRODUCT_BUNDLE_IDENTIFIER = com.joesalter.iXplore;
				PRODUCT_NAME = "$(TARGET_NAME)";
			};
			name = Debug;
		};
		3278054E1D08256800CE070F /* Release */ = {
			isa = XCBuildConfiguration;
			buildSettings = {
				ASSETCATALOG_COMPILER_APPICON_NAME = AppIcon;
				INFOPLIST_FILE = iXplore/Info.plist;
				LD_RUNPATH_SEARCH_PATHS = "$(inherited) @executable_path/Frameworks";
				PRODUCT_BUNDLE_IDENTIFIER = com.joesalter.iXplore;
				PRODUCT_NAME = "$(TARGET_NAME)";
			};
			name = Release;
		};
/* End XCBuildConfiguration section */

/* Begin XCConfigurationList section */
		327805351D08256800CE070F /* Build configuration list for PBXProject "iXplore" */ = {
			isa = XCConfigurationList;
			buildConfigurations = (
				3278054A1D08256800CE070F /* Debug */,
				3278054B1D08256800CE070F /* Release */,
			);
			defaultConfigurationIsVisible = 0;
			defaultConfigurationName = Release;
		};
		3278054C1D08256800CE070F /* Build configuration list for PBXNativeTarget "iXplore" */ = {
			isa = XCConfigurationList;
			buildConfigurations = (
				3278054D1D08256800CE070F /* Debug */,
				3278054E1D08256800CE070F /* Release */,
			);
			defaultConfigurationIsVisible = 0;
			defaultConfigurationName = Release;
		};
/* End XCConfigurationList section */
	};
	rootObject = 327805321D08256800CE070F /* Project object */;
}
